
Microsoft Visual Studio Solution File, Format Version 12.00
# Visual Studio 15
VisualStudioVersion = 15.0.27703.2026
MinimumVisualStudioVersion = 10.0.40219.1
Project("{FAE04EC0-301F-11D3-BF4B-00C04F79EFBC}") = "KozyrevDenis_WpfApplication", "KozyrevDenis_WpfApplication\KozyrevDenis_WpfApplication.csproj", "{588D218B-752C-457C-8E3E-F7C550967DAE}"
EndProject
Global
	GlobalSection(SolutionConfigurationPlatforms) = preSolution
		Debug|Any CPU = Debug|Any CPU
		Release|Any CPU = Release|Any CPU
	EndGlobalSection
	GlobalSection(ProjectConfigurationPlatforms) = postSolution
		{588D218B-752C-457C-8E3E-F7C550967DAE}.Debug|Any CPU.ActiveCfg = Debug|Any CPU
		{588D218B-752C-457C-8E3E-F7C550967DAE}.Debug|Any CPU.Build.0 = Debug|Any CPU
		{588D218B-752C-457C-8E3E-F7C550967DAE}.Release|Any CPU.ActiveCfg = Release|Any CPU
		{588D218B-752C-457C-8E3E-F7C550967DAE}.Release|Any CPU.Build.0 = Release|Any CPU
	EndGlobalSection
	GlobalSection(SolutionProperties) = preSolution
		HideSolutionNode = FALSE
	EndGlobalSection
	GlobalSection(ExtensibilityGlobals) = postSolution
		SolutionGuid = {9535C170-9FB5-48EF-99E7-A53881A77016}
	EndGlobalSection
EndGlobal
